{
  "name": "@jsnative/leasm",
  "version": "0.1.0",
  "lockfileVersion": 1,
  "requires": true,
  "dependencies": {
    "@types/node": {
      "version": "14.0.20",
      "resolved": "https://registry.npmjs.org/@types/node/-/node-14.0.20.tgz",
      "integrity": "sha512-MRn/NP3dee8yL5QhbSA6riuwkS+UOcsPUMOIOG3KMUQpuor/2TopdRBu8QaaB4fGU+gz/bzyDWt0FtUbeJ8H1A=="
    },
    "json-stringify-deterministic": {
      "version": "1.0.1",
      "resolved": "https://registry.npmjs.org/json-stringify-deterministic/-/json-stringify-deterministic-1.0.1.tgz",
      "integrity": "sha512-9Fg0OY3uyzozpvJ8TVbUk09PjzhT7O2Q5kEe30g6OrKhbA/Is92igcx0XDDX7E3yAwnIlUcYLRl+ZkVrBYVP7A=="
    },
    "llvm-ir": {
      "version": "1.8.0",
      "resolved": "https://registry.npmjs.org/llvm-ir/-/llvm-ir-1.8.0.tgz",
      "integrity": "sha512-34IWteY5iEmoynLHJgwAOBGAHFfQPkSMW6ifjXAPv1F1hfVBJJgof9jP9Os8LxMcz8cYqEU4CzKFlL2yO1FBrg=="
    }
  }
}
